
Microsoft Visual Studio Solution File, Format Version 12.00
# Visual Studio Version 17
VisualStudioVersion = 17.13.35931.197 d17.13
MinimumVisualStudioVersion = 10.0.40219.1
Project("{FAE04EC0-301F-11D3-BF4B-00C04F79EFBC}") = "FirmaAutobusowa", "FirmaAutobusowa\FirmaAutobusowa.csproj", "{96BF831A-B5E2-4025-AAFE-545E7D5884A9}"
EndProject
Global
	GlobalSection(SolutionConfigurationPlatforms) = preSolution
		Debug|Any CPU = Debug|Any CPU
		Release|Any CPU = Release|Any CPU
	EndGlobalSection
	GlobalSection(ProjectConfigurationPlatforms) = postSolution
		{96BF831A-B5E2-4025-AAFE-545E7D5884A9}.Debug|Any CPU.ActiveCfg = Debug|Any CPU
		{96BF831A-B5E2-4025-AAFE-545E7D5884A9}.Debug|Any CPU.Build.0 = Debug|Any CPU
		{96BF831A-B5E2-4025-AAFE-545E7D5884A9}.Release|Any CPU.ActiveCfg = Release|Any CPU
		{96BF831A-B5E2-4025-AAFE-545E7D5884A9}.Release|Any CPU.Build.0 = Release|Any CPU
	EndGlobalSection
	GlobalSection(SolutionProperties) = preSolution
		HideSolutionNode = FALSE
	EndGlobalSection
	GlobalSection(ExtensibilityGlobals) = postSolution
		SolutionGuid = {05CC5167-B2C2-4D04-8770-0DDC2A49C394}
	EndGlobalSection
EndGlobal
